<Solution>
  <Folder Name="/src/">
    <Project Path="src/Relay.Core/Relay.Core.csproj" />
    <Project Path="src/Relay.Infrastructure/Relay.Infrastructure.csproj" />
    <Project Path="src/Relay.Connectors/Relay.Connectors.csproj" />
    <Project Path="src/Relay.Gateway/Relay.Gateway.csproj" />
    <Project Path="src/Relay.Windows/Relay.Windows.csproj" />
    <Project Path="src/Relay.Worker/Relay.Worker.csproj" />
    <Project Path="src/Relay.DevHarness/Relay.DevHarness.csproj" />
  </Folder>
  <Folder Name="/tests/">
    <Project Path="tests/Relay.Tests/Relay.Tests.csproj" />
    <Project Path="tests/Relay.Core.Tests/Relay.Core.Tests.csproj" />
    <Project Path="tests/Relay.Gateway.Tests/Relay.Gateway.Tests.csproj" />
  </Folder>
</Solution>
