<Solution>
  <Folder Name="/src/">
    <Project Path="src/Relay.Core/Relay.Core.csproj" />
    <Project Path="src/Relay.Desktop/Relay.Desktop.csproj" />
    <Project Path="src/Relay.Windows/Relay.Windows.csproj" />
  </Folder>
  <Folder Name="/tests/">
    <Project Path="tests/Relay.Tests/Relay.Tests.csproj" />
  </Folder>
</Solution>
